{
  "name": "sdktest",
  "version": "0.0.21",
  "lockfileVersion": 1,
  "requires": true,
  "dependencies": {
    "@tbmp/mp-cloud-sdk": {
      "version": "1.1.4",
      "resolved": "https://registry.npm.taobao.org/@tbmp/mp-cloud-sdk/download/@tbmp/mp-cloud-sdk-1.1.4.tgz?cache=0&sync_timestamp=1578236543130&other_urls=https%3A%2F%2Fregistry.npm.taobao.org%2F%40tbmp%2Fmp-cloud-sdk%2Fdownload%2F%40tbmp%2Fmp-cloud-sdk-1.1.4.tgz",
      "integrity": "sha1-DMuRzXfRfFLNbwyxWENoz9/Rqd0="
    }
  }
}
