{
  "name": "miniapp-demo",
  "version": "1.0.0",
  "lockfileVersion": 1,
  "requires": true,
  "dependencies": {
    "miniapp-router": {
      "version": "0.0.1",
      "resolved": "https://registry.npm.taobao.org/miniapp-router/download/miniapp-router-0.0.1.tgz",
      "integrity": "sha1-gTKisRYNNcPM7qX05ml7aTd36UA="
    }
  }
}
