# THIS IS AN AUTOGENERATED FILE. DO NOT EDIT THIS FILE DIRECTLY.
# yarn lockfile v1


miniapp-router@*:
  version "0.0.1"
  resolved "https://registry.yarnpkg.com/miniapp-router/-/miniapp-router-0.0.1.tgz#8132a2b1160d35c3cceea5f4e6697b693777e940"
  integrity sha512-ICNEnO2RruXhgUBxI4HN1ob7X03YDtXI3UECm97ZV44KcpbID1UFdfb1l9tRM/ET6YdGVbbycsn5VkZzSUwmfg==
